
Microsoft Visual Studio Solution File, Format Version 12.00
Project("{2150E333-8FDC-42A3-9474-1A3956D46DE8}") = "Solution Items", "Solution Items", "{6166064C-A304-4268-A049-7F2C04C28147}"
	ProjectSection(SolutionItems) = preProject
		compose.yaml = compose.yaml
	EndProjectSection
EndProject
Project("{FAE04EC0-301F-11D3-BF4B-00C04F79EFBC}") = "FileStorage.WebApi", "FileStorage.WebApi\FileStorage.WebApi.csproj", "{E2D615D2-0143-47A4-87AA-1B6C81EFEFC1}"
EndProject
Project("{FAE04EC0-301F-11D3-BF4B-00C04F79EFBC}") = "FileStorage.Common", "FileStorage.Common\FileStorage.Common.csproj", "{487D2933-4B02-4963-BFD8-9D0A8F844E0D}"
EndProject
Project("{FAE04EC0-301F-11D3-BF4B-00C04F79EFBC}") = "FileStorage.MinIO", "FileStorage.MinIO\FileStorage.MinIO.csproj", "{60F5FF8B-F432-4200-980C-8C9D511E8A06}"
EndProject
Project("{FAE04EC0-301F-11D3-BF4B-00C04F79EFBC}") = "FileStorage.FileSystem", "FileStorage.FileSystem\FileStorage.FileSystem.csproj", "{16CC85AB-196E-49B7-ADB8-7337D5E38CC9}"
EndProject
Global
	GlobalSection(SolutionConfigurationPlatforms) = preSolution
		Debug|Any CPU = Debug|Any CPU
		Release|Any CPU = Release|Any CPU
	EndGlobalSection
	GlobalSection(ProjectConfigurationPlatforms) = postSolution
		{E2D615D2-0143-47A4-87AA-1B6C81EFEFC1}.Debug|Any CPU.ActiveCfg = Debug|Any CPU
		{E2D615D2-0143-47A4-87AA-1B6C81EFEFC1}.Debug|Any CPU.Build.0 = Debug|Any CPU
		{E2D615D2-0143-47A4-87AA-1B6C81EFEFC1}.Release|Any CPU.ActiveCfg = Release|Any CPU
		{E2D615D2-0143-47A4-87AA-1B6C81EFEFC1}.Release|Any CPU.Build.0 = Release|Any CPU
		{487D2933-4B02-4963-BFD8-9D0A8F844E0D}.Debug|Any CPU.ActiveCfg = Debug|Any CPU
		{487D2933-4B02-4963-BFD8-9D0A8F844E0D}.Debug|Any CPU.Build.0 = Debug|Any CPU
		{487D2933-4B02-4963-BFD8-9D0A8F844E0D}.Release|Any CPU.ActiveCfg = Release|Any CPU
		{487D2933-4B02-4963-BFD8-9D0A8F844E0D}.Release|Any CPU.Build.0 = Release|Any CPU
		{60F5FF8B-F432-4200-980C-8C9D511E8A06}.Debug|Any CPU.ActiveCfg = Debug|Any CPU
		{60F5FF8B-F432-4200-980C-8C9D511E8A06}.Debug|Any CPU.Build.0 = Debug|Any CPU
		{60F5FF8B-F432-4200-980C-8C9D511E8A06}.Release|Any CPU.ActiveCfg = Release|Any CPU
		{60F5FF8B-F432-4200-980C-8C9D511E8A06}.Release|Any CPU.Build.0 = Release|Any CPU
		{16CC85AB-196E-49B7-ADB8-7337D5E38CC9}.Debug|Any CPU.ActiveCfg = Debug|Any CPU
		{16CC85AB-196E-49B7-ADB8-7337D5E38CC9}.Debug|Any CPU.Build.0 = Debug|Any CPU
		{16CC85AB-196E-49B7-ADB8-7337D5E38CC9}.Release|Any CPU.ActiveCfg = Release|Any CPU
		{16CC85AB-196E-49B7-ADB8-7337D5E38CC9}.Release|Any CPU.Build.0 = Release|Any CPU
	EndGlobalSection
EndGlobal
